
Microsoft Visual Studio Solution File, Format Version 12.00
# Visual Studio Version 17
VisualStudioVersion = 17.1.32414.318
MinimumVisualStudioVersion = 10.0.40219.1
Project("{FAE04EC0-301F-11D3-BF4B-00C04F79EFBC}") = "Assignment1", "Assignment1\Assignment1.csproj", "{23018544-BA80-4E2C-B2E0-9CC7226D538E}"
EndProject
Global
	GlobalSection(SolutionConfigurationPlatforms) = preSolution
		Debug|Any CPU = Debug|Any CPU
		Release|Any CPU = Release|Any CPU
	EndGlobalSection
	GlobalSection(ProjectConfigurationPlatforms) = postSolution
		{23018544-BA80-4E2C-B2E0-9CC7226D538E}.Debug|Any CPU.ActiveCfg = Debug|Any CPU
		{23018544-BA80-4E2C-B2E0-9CC7226D538E}.Debug|Any CPU.Build.0 = Debug|Any CPU
		{23018544-BA80-4E2C-B2E0-9CC7226D538E}.Release|Any CPU.ActiveCfg = Release|Any CPU
		{23018544-BA80-4E2C-B2E0-9CC7226D538E}.Release|Any CPU.Build.0 = Release|Any CPU
	EndGlobalSection
	GlobalSection(SolutionProperties) = preSolution
		HideSolutionNode = FALSE
	EndGlobalSection
	GlobalSection(ExtensibilityGlobals) = postSolution
		SolutionGuid = {FF63E61D-6BE6-460E-AAEE-938C1FAA99BC}
	EndGlobalSection
EndGlobal
